NeoBundleLock auto-pairs 1b3a1efb078fdf74d4013308b63de57dfda0cc8e
NeoBundleLock autocomplete-swift f3ba7ba7229d4f868bdcd455626a31f6a30b2308
NeoBundleLock emmet-vim f4b097af50833964e15f17192f2d1c336e34936e
NeoBundleLock indentLine 86b9824b89cf52d4b748ea2a27885607c98c881a
NeoBundleLock lightline.vim 0f2a26221a598f29bfccf64de3cb44136c95a5d1
NeoBundleLock molokai c67bdfcdb31415aa0ade7f8c003261700a885476
NeoBundleLock neobundle.vim dc48712270d024c4a063eaaadcfc9c72321c3945
NeoBundleLock neocomplcache 778181767467b8f8016828898779a646074d883a
NeoBundleLock neocomplete.vim 75b2ea052310bf4615c739808ba9de03f8cdc113
NeoBundleLock neomru.vim 342cad2833ab23f104b3688e3a98635c2ae70c03
NeoBundleLock neosnippet-snippets be02928b14cae1effbe4388da4d5a75215344ba6
NeoBundleLock unite.vim d903c78696d1ce063f79d66f0b4cbc2567a901f5
NeoBundleLock vim-swift 1dbed3e3909ac1e5be7f45b7776e97bcf723e7e3
NeoBundleLock vim-wakatime 927ba8d2299a65ddab3e79644c48d06386dac2d5
